# THIS IS AN AUTOGENERATED FILE. DO NOT EDIT THIS FILE DIRECTLY.
# yarn lockfile v1


defu@^6.0.0:
  version "6.0.0"
  resolved "https://registry.npmjs.org/defu/-/defu-6.0.0.tgz#b397a6709a2f3202747a3d9daf9446e41ad0c5fc"
  integrity sha512-t2MZGLf1V2rV4VBZbWIaXKdX/mUcYW0n2znQZoADBkGGxYL8EWqCuCZBmJPJ/Yy9fofJkyuuSuo5GSwo0XdEgw==

destr@^1.1.1:
  version "1.1.1"
  resolved "https://registry.npmjs.org/destr/-/destr-1.1.1.tgz#910457d10a2f2f247add4ca4fdb4a03adcc49079"
  integrity sha512-QqkneF8LrYmwATMdnuD2MLI3GHQIcBnG6qFC2q9bSH430VTCDAVjcspPmUaKhPGtAtPAftIUFqY1obQYQuwmbg==

node-fetch-native@^0.1.3:
  version "0.1.4"
  resolved "https://registry.npmjs.org/node-fetch-native/-/node-fetch-native-0.1.4.tgz#09b06754f9e298bac23848050da2352125634f89"
  integrity sha512-10EKpOCQPXwZVFh3U1ptOMWBgKTbsN7Vvo6WVKt5pw4hp8zbv6ZVBZPlXw+5M6Tyi1oc1iD4/sNPd71KYA16tQ==

ohmyfetch@^0.4.18:
  version "0.4.18"
  resolved "https://registry.npmjs.org/ohmyfetch/-/ohmyfetch-0.4.18.tgz#2952e04bd52662d0618d3d2f344db0250c3eeac2"
  integrity sha512-MslzNrQzBLtZHmiZBI8QMOcMpdNFlK61OJ34nFNFynZ4v+4BonfCQ7VIN4EGXvGGq5zhDzgdJoY3o9S1l2T7KQ==
  dependencies:
    destr "^1.1.1"
    node-fetch-native "^0.1.3"
    ufo "^0.8.4"
    undici "^5.2.0"

ufo@^0.8.4:
  version "0.8.4"
  resolved "https://registry.npmjs.org/ufo/-/ufo-0.8.4.tgz#23e9ed82398d2116dcb378e8fba5ced8eca2ee40"
  integrity sha512-/+BmBDe8GvlB2nIflWasLLAInjYG0bC9HRnfEpNi4sw77J2AJNnEVnTDReVrehoh825+Q/evF3THXTAweyam2g==

undici@^5.2.0:
  version "5.6.0"
  resolved "https://registry.npmjs.org/undici/-/undici-5.6.0.tgz#3fd695d4454970bae3d151326ee4ab645b8d1962"
  integrity sha512-mc+8SY1fXubTrdx4CXDkeFFGV8lI3Tq4I/70U1V8Z6g4iscGII0uLO7CPnDt56bXEbvaKwo2T2+VrteWbZiXiQ==
